
Microsoft Visual Studio Solution File, Format Version 12.00
# Visual Studio Version 17
VisualStudioVersion = 17.0.31903.59
MinimumVisualStudioVersion = 10.0.40219.1
Project("{2150E333-8FDC-42A3-9474-1A3956D46DE8}") = "src", "src", "{827E0CD3-B72D-47B6-A68D-7590B98EB39B}"
EndProject
Project("{FAE04EC0-301F-11D3-BF4B-00C04F79EFBC}") = "TrucoRPG.Infraestructura", "src\TrucoRPG.Infraestructura\TrucoRPG.Infraestructura.csproj", "{45B3A754-AA5B-47B2-896E-F39161EBE0B0}"
EndProject
Project("{2150E333-8FDC-42A3-9474-1A3956D46DE8}") = "tests", "tests", "{0AB3BF05-4346-4AA6-1389-037BE0695223}"
EndProject
Project("{FAE04EC0-301F-11D3-BF4B-00C04F79EFBC}") = "TrucoRPG.Tests.API", "tests\TrucoRPG.Tests.API\TrucoRPG.Tests.API.csproj", "{43527472-4FB2-44CE-AA78-E41FFA1941A4}"
EndProject
Project("{FAE04EC0-301F-11D3-BF4B-00C04F79EFBC}") = "TrucoRPG.Tests.Logica", "tests\TrucoRPG.Tests.Logica\TrucoRPG.Tests.Logica.csproj", "{56E7202E-8569-4111-B6B5-A6F6BFC6AB75}"
EndProject
Project("{FAE04EC0-301F-11D3-BF4B-00C04F79EFBC}") = "TrucoRPG.Dominio", "src\TrucoRPG.Dominio\TrucoRPG.Dominio.csproj", "{10D23C0B-C27A-7996-A1D6-23D07384C4BC}"
EndProject
Project("{FAE04EC0-301F-11D3-BF4B-00C04F79EFBC}") = "TrucoRPG.API", "src\TrucoRPG.API\TrucoRPG.API.csproj", "{0F3B2613-11D2-91A4-475E-06AEE208B4D4}"
EndProject
Global
	GlobalSection(SolutionConfigurationPlatforms) = preSolution
		Debug|Any CPU = Debug|Any CPU
		Debug|x64 = Debug|x64
		Debug|x86 = Debug|x86
		Release|Any CPU = Release|Any CPU
		Release|x64 = Release|x64
		Release|x86 = Release|x86
	EndGlobalSection
	GlobalSection(ProjectConfigurationPlatforms) = postSolution
		{45B3A754-AA5B-47B2-896E-F39161EBE0B0}.Debug|Any CPU.ActiveCfg = Debug|Any CPU
		{45B3A754-AA5B-47B2-896E-F39161EBE0B0}.Debug|Any CPU.Build.0 = Debug|Any CPU
		{45B3A754-AA5B-47B2-896E-F39161EBE0B0}.Debug|x64.ActiveCfg = Debug|Any CPU
		{45B3A754-AA5B-47B2-896E-F39161EBE0B0}.Debug|x64.Build.0 = Debug|Any CPU
		{45B3A754-AA5B-47B2-896E-F39161EBE0B0}.Debug|x86.ActiveCfg = Debug|Any CPU
		{45B3A754-AA5B-47B2-896E-F39161EBE0B0}.Debug|x86.Build.0 = Debug|Any CPU
		{45B3A754-AA5B-47B2-896E-F39161EBE0B0}.Release|Any CPU.ActiveCfg = Release|Any CPU
		{45B3A754-AA5B-47B2-896E-F39161EBE0B0}.Release|Any CPU.Build.0 = Release|Any CPU
		{45B3A754-AA5B-47B2-896E-F39161EBE0B0}.Release|x64.ActiveCfg = Release|Any CPU
		{45B3A754-AA5B-47B2-896E-F39161EBE0B0}.Release|x64.Build.0 = Release|Any CPU
		{45B3A754-AA5B-47B2-896E-F39161EBE0B0}.Release|x86.ActiveCfg = Release|Any CPU
		{45B3A754-AA5B-47B2-896E-F39161EBE0B0}.Release|x86.Build.0 = Release|Any CPU
		{43527472-4FB2-44CE-AA78-E41FFA1941A4}.Debug|Any CPU.ActiveCfg = Debug|Any CPU
		{43527472-4FB2-44CE-AA78-E41FFA1941A4}.Debug|Any CPU.Build.0 = Debug|Any CPU
		{43527472-4FB2-44CE-AA78-E41FFA1941A4}.Debug|x64.ActiveCfg = Debug|Any CPU
		{43527472-4FB2-44CE-AA78-E41FFA1941A4}.Debug|x64.Build.0 = Debug|Any CPU
		{43527472-4FB2-44CE-AA78-E41FFA1941A4}.Debug|x86.ActiveCfg = Debug|Any CPU
		{43527472-4FB2-44CE-AA78-E41FFA1941A4}.Debug|x86.Build.0 = Debug|Any CPU
		{43527472-4FB2-44CE-AA78-E41FFA1941A4}.Release|Any CPU.ActiveCfg = Release|Any CPU
		{43527472-4FB2-44CE-AA78-E41FFA1941A4}.Release|Any CPU.Build.0 = Release|Any CPU
		{43527472-4FB2-44CE-AA78-E41FFA1941A4}.Release|x64.ActiveCfg = Release|Any CPU
		{43527472-4FB2-44CE-AA78-E41FFA1941A4}.Release|x64.Build.0 = Release|Any CPU
		{43527472-4FB2-44CE-AA78-E41FFA1941A4}.Release|x86.ActiveCfg = Release|Any CPU
		{43527472-4FB2-44CE-AA78-E41FFA1941A4}.Release|x86.Build.0 = Release|Any CPU
		{56E7202E-8569-4111-B6B5-A6F6BFC6AB75}.Debug|Any CPU.ActiveCfg = Debug|Any CPU
		{56E7202E-8569-4111-B6B5-A6F6BFC6AB75}.Debug|Any CPU.Build.0 = Debug|Any CPU
		{56E7202E-8569-4111-B6B5-A6F6BFC6AB75}.Debug|x64.ActiveCfg = Debug|Any CPU
		{56E7202E-8569-4111-B6B5-A6F6BFC6AB75}.Debug|x64.Build.0 = Debug|Any CPU
		{56E7202E-8569-4111-B6B5-A6F6BFC6AB75}.Debug|x86.ActiveCfg = Debug|Any CPU
		{56E7202E-8569-4111-B6B5-A6F6BFC6AB75}.Debug|x86.Build.0 = Debug|Any CPU
		{56E7202E-8569-4111-B6B5-A6F6BFC6AB75}.Release|Any CPU.ActiveCfg = Release|Any CPU
		{56E7202E-8569-4111-B6B5-A6F6BFC6AB75}.Release|Any CPU.Build.0 = Release|Any CPU
		{56E7202E-8569-4111-B6B5-A6F6BFC6AB75}.Release|x64.ActiveCfg = Release|Any CPU
		{56E7202E-8569-4111-B6B5-A6F6BFC6AB75}.Release|x64.Build.0 = Release|Any CPU
		{56E7202E-8569-4111-B6B5-A6F6BFC6AB75}.Release|x86.ActiveCfg = Release|Any CPU
		{56E7202E-8569-4111-B6B5-A6F6BFC6AB75}.Release|x86.Build.0 = Release|Any CPU
		{10D23C0B-C27A-7996-A1D6-23D07384C4BC}.Debug|Any CPU.ActiveCfg = Debug|Any CPU
		{10D23C0B-C27A-7996-A1D6-23D07384C4BC}.Debug|Any CPU.Build.0 = Debug|Any CPU
		{10D23C0B-C27A-7996-A1D6-23D07384C4BC}.Debug|x64.ActiveCfg = Debug|Any CPU
		{10D23C0B-C27A-7996-A1D6-23D07384C4BC}.Debug|x64.Build.0 = Debug|Any CPU
		{10D23C0B-C27A-7996-A1D6-23D07384C4BC}.Debug|x86.ActiveCfg = Debug|Any CPU
		{10D23C0B-C27A-7996-A1D6-23D07384C4BC}.Debug|x86.Build.0 = Debug|Any CPU
		{10D23C0B-C27A-7996-A1D6-23D07384C4BC}.Release|Any CPU.ActiveCfg = Release|Any CPU
		{10D23C0B-C27A-7996-A1D6-23D07384C4BC}.Release|Any CPU.Build.0 = Release|Any CPU
		{10D23C0B-C27A-7996-A1D6-23D07384C4BC}.Release|x64.ActiveCfg = Release|Any CPU
		{10D23C0B-C27A-7996-A1D6-23D07384C4BC}.Release|x64.Build.0 = Release|Any CPU
		{10D23C0B-C27A-7996-A1D6-23D07384C4BC}.Release|x86.ActiveCfg = Release|Any CPU
		{10D23C0B-C27A-7996-A1D6-23D07384C4BC}.Release|x86.Build.0 = Release|Any CPU
		{0F3B2613-11D2-91A4-475E-06AEE208B4D4}.Debug|Any CPU.ActiveCfg = Debug|Any CPU
		{0F3B2613-11D2-91A4-475E-06AEE208B4D4}.Debug|Any CPU.Build.0 = Debug|Any CPU
		{0F3B2613-11D2-91A4-475E-06AEE208B4D4}.Debug|x64.ActiveCfg = Debug|Any CPU
		{0F3B2613-11D2-91A4-475E-06AEE208B4D4}.Debug|x64.Build.0 = Debug|Any CPU
		{0F3B2613-11D2-91A4-475E-06AEE208B4D4}.Debug|x86.ActiveCfg = Debug|Any CPU
		{0F3B2613-11D2-91A4-475E-06AEE208B4D4}.Debug|x86.Build.0 = Debug|Any CPU
		{0F3B2613-11D2-91A4-475E-06AEE208B4D4}.Release|Any CPU.ActiveCfg = Release|Any CPU
		{0F3B2613-11D2-91A4-475E-06AEE208B4D4}.Release|Any CPU.Build.0 = Release|Any CPU
		{0F3B2613-11D2-91A4-475E-06AEE208B4D4}.Release|x64.ActiveCfg = Release|Any CPU
		{0F3B2613-11D2-91A4-475E-06AEE208B4D4}.Release|x64.Build.0 = Release|Any CPU
		{0F3B2613-11D2-91A4-475E-06AEE208B4D4}.Release|x86.ActiveCfg = Release|Any CPU
		{0F3B2613-11D2-91A4-475E-06AEE208B4D4}.Release|x86.Build.0 = Release|Any CPU
	EndGlobalSection
	GlobalSection(SolutionProperties) = preSolution
		HideSolutionNode = FALSE
	EndGlobalSection
	GlobalSection(NestedProjects) = preSolution
		{45B3A754-AA5B-47B2-896E-F39161EBE0B0} = {827E0CD3-B72D-47B6-A68D-7590B98EB39B}
		{43527472-4FB2-44CE-AA78-E41FFA1941A4} = {0AB3BF05-4346-4AA6-1389-037BE0695223}
		{56E7202E-8569-4111-B6B5-A6F6BFC6AB75} = {0AB3BF05-4346-4AA6-1389-037BE0695223}
		{10D23C0B-C27A-7996-A1D6-23D07384C4BC} = {827E0CD3-B72D-47B6-A68D-7590B98EB39B}
		{0F3B2613-11D2-91A4-475E-06AEE208B4D4} = {827E0CD3-B72D-47B6-A68D-7590B98EB39B}
	EndGlobalSection
	GlobalSection(ExtensibilityGlobals) = postSolution
		SolutionGuid = {8935A781-6DE4-4E29-A699-8ABCFD745147}
	EndGlobalSection
EndGlobal
