
Microsoft Visual Studio Solution File, Format Version 12.00
# Visual Studio Version 17
VisualStudioVersion = 17.0.31903.59
MinimumVisualStudioVersion = 10.0.40219.1
Project("{2150E333-8FDC-42A3-9474-1A3956D46DE8}") = "src", "src", "{827E0CD3-B72D-47B6-A68D-7590B98EB39B}"
EndProject
Project("{2150E333-8FDC-42A3-9474-1A3956D46DE8}") = "TrucoRPG.API", "TrucoRPG.API", "{FE06172E-FD70-4BBE-0A39-624E2BC6E838}"
EndProject
Project("{FAE04EC0-301F-11D3-BF4B-00C04F79EFBC}") = "TrucoRPG.Entidades", "src\TrucoRPG.Entidades\TrucoRPG.Entidades.csproj", "{21EB5BDB-CEE3-47A8-BD5D-EE9BF837250E}"
EndProject
Project("{FAE04EC0-301F-11D3-BF4B-00C04F79EFBC}") = "TrucoRPG.Infraestructura", "src\TrucoRPG.Infraestructura\TrucoRPG.Infraestructura.csproj", "{4ED7CF14-DE00-471F-8A88-4FBC1BAC9CB7}"
EndProject
Project("{FAE04EC0-301F-11D3-BF4B-00C04F79EFBC}") = "TrucoRPG.Logica", "src\TrucoRPG.Logica\TrucoRPG.Logica.csproj", "{70233F81-BF7C-462C-8804-B38DC6F9C05B}"
EndProject
Project("{FAE04EC0-301F-11D3-BF4B-00C04F79EFBC}") = "TrucoRPG.API", "src\TrucoRPG.API\TrucoRPG.API.csproj", "{8D416AFB-913F-47B2-90FE-FF0DA87A9559}"
EndProject
Project("{FAE04EC0-301F-11D3-BF4B-00C04F79EFBC}") = "TrucoRPG.Tests.API", "tests\TrucoRPG.Tests.API\TrucoRPG.Tests.API.csproj", "{BA69593A-72CD-43EA-B377-A03ABE8915A4}"
EndProject
Project("{FAE04EC0-301F-11D3-BF4B-00C04F79EFBC}") = "TrucoRPG.Tests.Logica", "tests\TrucoRPG.Tests.Logica\TrucoRPG.Tests.Logica.csproj", "{2E33B758-ED71-43DE-BC26-13F67C473DB5}"
EndProject
Global
	GlobalSection(SolutionConfigurationPlatforms) = preSolution
		Debug|Any CPU = Debug|Any CPU
		Debug|x64 = Debug|x64
		Debug|x86 = Debug|x86
		Release|Any CPU = Release|Any CPU
		Release|x64 = Release|x64
		Release|x86 = Release|x86
	EndGlobalSection
	GlobalSection(ProjectConfigurationPlatforms) = postSolution
		{21EB5BDB-CEE3-47A8-BD5D-EE9BF837250E}.Debug|Any CPU.ActiveCfg = Debug|Any CPU
		{21EB5BDB-CEE3-47A8-BD5D-EE9BF837250E}.Debug|Any CPU.Build.0 = Debug|Any CPU
		{21EB5BDB-CEE3-47A8-BD5D-EE9BF837250E}.Debug|x64.ActiveCfg = Debug|Any CPU
		{21EB5BDB-CEE3-47A8-BD5D-EE9BF837250E}.Debug|x64.Build.0 = Debug|Any CPU
		{21EB5BDB-CEE3-47A8-BD5D-EE9BF837250E}.Debug|x86.ActiveCfg = Debug|Any CPU
		{21EB5BDB-CEE3-47A8-BD5D-EE9BF837250E}.Debug|x86.Build.0 = Debug|Any CPU
		{21EB5BDB-CEE3-47A8-BD5D-EE9BF837250E}.Release|Any CPU.ActiveCfg = Release|Any CPU
		{21EB5BDB-CEE3-47A8-BD5D-EE9BF837250E}.Release|Any CPU.Build.0 = Release|Any CPU
		{21EB5BDB-CEE3-47A8-BD5D-EE9BF837250E}.Release|x64.ActiveCfg = Release|Any CPU
		{21EB5BDB-CEE3-47A8-BD5D-EE9BF837250E}.Release|x64.Build.0 = Release|Any CPU
		{21EB5BDB-CEE3-47A8-BD5D-EE9BF837250E}.Release|x86.ActiveCfg = Release|Any CPU
		{21EB5BDB-CEE3-47A8-BD5D-EE9BF837250E}.Release|x86.Build.0 = Release|Any CPU
		{4ED7CF14-DE00-471F-8A88-4FBC1BAC9CB7}.Debug|Any CPU.ActiveCfg = Debug|Any CPU
		{4ED7CF14-DE00-471F-8A88-4FBC1BAC9CB7}.Debug|Any CPU.Build.0 = Debug|Any CPU
		{4ED7CF14-DE00-471F-8A88-4FBC1BAC9CB7}.Debug|x64.ActiveCfg = Debug|Any CPU
		{4ED7CF14-DE00-471F-8A88-4FBC1BAC9CB7}.Debug|x64.Build.0 = Debug|Any CPU
		{4ED7CF14-DE00-471F-8A88-4FBC1BAC9CB7}.Debug|x86.ActiveCfg = Debug|Any CPU
		{4ED7CF14-DE00-471F-8A88-4FBC1BAC9CB7}.Debug|x86.Build.0 = Debug|Any CPU
		{4ED7CF14-DE00-471F-8A88-4FBC1BAC9CB7}.Release|Any CPU.ActiveCfg = Release|Any CPU
		{4ED7CF14-DE00-471F-8A88-4FBC1BAC9CB7}.Release|Any CPU.Build.0 = Release|Any CPU
		{4ED7CF14-DE00-471F-8A88-4FBC1BAC9CB7}.Release|x64.ActiveCfg = Release|Any CPU
		{4ED7CF14-DE00-471F-8A88-4FBC1BAC9CB7}.Release|x64.Build.0 = Release|Any CPU
		{4ED7CF14-DE00-471F-8A88-4FBC1BAC9CB7}.Release|x86.ActiveCfg = Release|Any CPU
		{4ED7CF14-DE00-471F-8A88-4FBC1BAC9CB7}.Release|x86.Build.0 = Release|Any CPU
		{70233F81-BF7C-462C-8804-B38DC6F9C05B}.Debug|Any CPU.ActiveCfg = Debug|Any CPU
		{70233F81-BF7C-462C-8804-B38DC6F9C05B}.Debug|Any CPU.Build.0 = Debug|Any CPU
		{70233F81-BF7C-462C-8804-B38DC6F9C05B}.Debug|x64.ActiveCfg = Debug|Any CPU
		{70233F81-BF7C-462C-8804-B38DC6F9C05B}.Debug|x64.Build.0 = Debug|Any CPU
		{70233F81-BF7C-462C-8804-B38DC6F9C05B}.Debug|x86.ActiveCfg = Debug|Any CPU
		{70233F81-BF7C-462C-8804-B38DC6F9C05B}.Debug|x86.Build.0 = Debug|Any CPU
		{70233F81-BF7C-462C-8804-B38DC6F9C05B}.Release|Any CPU.ActiveCfg = Release|Any CPU
		{70233F81-BF7C-462C-8804-B38DC6F9C05B}.Release|Any CPU.Build.0 = Release|Any CPU
		{70233F81-BF7C-462C-8804-B38DC6F9C05B}.Release|x64.ActiveCfg = Release|Any CPU
		{70233F81-BF7C-462C-8804-B38DC6F9C05B}.Release|x64.Build.0 = Release|Any CPU
		{70233F81-BF7C-462C-8804-B38DC6F9C05B}.Release|x86.ActiveCfg = Release|Any CPU
		{70233F81-BF7C-462C-8804-B38DC6F9C05B}.Release|x86.Build.0 = Release|Any CPU
		{8D416AFB-913F-47B2-90FE-FF0DA87A9559}.Debug|Any CPU.ActiveCfg = Debug|Any CPU
		{8D416AFB-913F-47B2-90FE-FF0DA87A9559}.Debug|Any CPU.Build.0 = Debug|Any CPU
		{8D416AFB-913F-47B2-90FE-FF0DA87A9559}.Debug|x64.ActiveCfg = Debug|Any CPU
		{8D416AFB-913F-47B2-90FE-FF0DA87A9559}.Debug|x64.Build.0 = Debug|Any CPU
		{8D416AFB-913F-47B2-90FE-FF0DA87A9559}.Debug|x86.ActiveCfg = Debug|Any CPU
		{8D416AFB-913F-47B2-90FE-FF0DA87A9559}.Debug|x86.Build.0 = Debug|Any CPU
		{8D416AFB-913F-47B2-90FE-FF0DA87A9559}.Release|Any CPU.ActiveCfg = Release|Any CPU
		{8D416AFB-913F-47B2-90FE-FF0DA87A9559}.Release|Any CPU.Build.0 = Release|Any CPU
		{8D416AFB-913F-47B2-90FE-FF0DA87A9559}.Release|x64.ActiveCfg = Release|Any CPU
		{8D416AFB-913F-47B2-90FE-FF0DA87A9559}.Release|x64.Build.0 = Release|Any CPU
		{8D416AFB-913F-47B2-90FE-FF0DA87A9559}.Release|x86.ActiveCfg = Release|Any CPU
		{8D416AFB-913F-47B2-90FE-FF0DA87A9559}.Release|x86.Build.0 = Release|Any CPU
		{BA69593A-72CD-43EA-B377-A03ABE8915A4}.Debug|Any CPU.ActiveCfg = Debug|Any CPU
		{BA69593A-72CD-43EA-B377-A03ABE8915A4}.Debug|Any CPU.Build.0 = Debug|Any CPU
		{BA69593A-72CD-43EA-B377-A03ABE8915A4}.Debug|x64.ActiveCfg = Debug|Any CPU
		{BA69593A-72CD-43EA-B377-A03ABE8915A4}.Debug|x64.Build.0 = Debug|Any CPU
		{BA69593A-72CD-43EA-B377-A03ABE8915A4}.Debug|x86.ActiveCfg = Debug|Any CPU
		{BA69593A-72CD-43EA-B377-A03ABE8915A4}.Debug|x86.Build.0 = Debug|Any CPU
		{BA69593A-72CD-43EA-B377-A03ABE8915A4}.Release|Any CPU.ActiveCfg = Release|Any CPU
		{BA69593A-72CD-43EA-B377-A03ABE8915A4}.Release|Any CPU.Build.0 = Release|Any CPU
		{BA69593A-72CD-43EA-B377-A03ABE8915A4}.Release|x64.ActiveCfg = Release|Any CPU
		{BA69593A-72CD-43EA-B377-A03ABE8915A4}.Release|x64.Build.0 = Release|Any CPU
		{BA69593A-72CD-43EA-B377-A03ABE8915A4}.Release|x86.ActiveCfg = Release|Any CPU
		{BA69593A-72CD-43EA-B377-A03ABE8915A4}.Release|x86.Build.0 = Release|Any CPU
		{2E33B758-ED71-43DE-BC26-13F67C473DB5}.Debug|Any CPU.ActiveCfg = Debug|Any CPU
		{2E33B758-ED71-43DE-BC26-13F67C473DB5}.Debug|Any CPU.Build.0 = Debug|Any CPU
		{2E33B758-ED71-43DE-BC26-13F67C473DB5}.Debug|x64.ActiveCfg = Debug|Any CPU
		{2E33B758-ED71-43DE-BC26-13F67C473DB5}.Debug|x64.Build.0 = Debug|Any CPU
		{2E33B758-ED71-43DE-BC26-13F67C473DB5}.Debug|x86.ActiveCfg = Debug|Any CPU
		{2E33B758-ED71-43DE-BC26-13F67C473DB5}.Debug|x86.Build.0 = Debug|Any CPU
		{2E33B758-ED71-43DE-BC26-13F67C473DB5}.Release|Any CPU.ActiveCfg = Release|Any CPU
		{2E33B758-ED71-43DE-BC26-13F67C473DB5}.Release|Any CPU.Build.0 = Release|Any CPU
		{2E33B758-ED71-43DE-BC26-13F67C473DB5}.Release|x64.ActiveCfg = Release|Any CPU
		{2E33B758-ED71-43DE-BC26-13F67C473DB5}.Release|x64.Build.0 = Release|Any CPU
		{2E33B758-ED71-43DE-BC26-13F67C473DB5}.Release|x86.ActiveCfg = Release|Any CPU
		{2E33B758-ED71-43DE-BC26-13F67C473DB5}.Release|x86.Build.0 = Release|Any CPU
	EndGlobalSection
	GlobalSection(SolutionProperties) = preSolution
		HideSolutionNode = FALSE
	EndGlobalSection
	GlobalSection(NestedProjects) = preSolution
		{FE06172E-FD70-4BBE-0A39-624E2BC6E838} = {827E0CD3-B72D-47B6-A68D-7590B98EB39B}
		{21EB5BDB-CEE3-47A8-BD5D-EE9BF837250E} = {FE06172E-FD70-4BBE-0A39-624E2BC6E838}
		{4ED7CF14-DE00-471F-8A88-4FBC1BAC9CB7} = {FE06172E-FD70-4BBE-0A39-624E2BC6E838}
		{70233F81-BF7C-462C-8804-B38DC6F9C05B} = {FE06172E-FD70-4BBE-0A39-624E2BC6E838}
		{8D416AFB-913F-47B2-90FE-FF0DA87A9559} = {827E0CD3-B72D-47B6-A68D-7590B98EB39B}
		{BA69593A-72CD-43EA-B377-A03ABE8915A4} = {827E0CD3-B72D-47B6-A68D-7590B98EB39B}
		{2E33B758-ED71-43DE-BC26-13F67C473DB5} = {827E0CD3-B72D-47B6-A68D-7590B98EB39B}
	EndGlobalSection
EndGlobal
